
Microsoft Visual Studio Solution File, Format Version 12.00
# Visual Studio Version 17
VisualStudioVersion = 17.14.36127.28 d17.14
MinimumVisualStudioVersion = 10.0.40219.1
Project("{54A90642-561A-4BB1-A94E-469ADEE60C69}") = "OnlineShop.UI", "OnlineShop.UI\OnlineShop.UI.esproj", "{8E7F40AF-FDF1-6192-3643-3FDB4E75F22F}"
EndProject
Global
	GlobalSection(SolutionConfigurationPlatforms) = preSolution
		Debug|Any CPU = Debug|Any CPU
		Release|Any CPU = Release|Any CPU
	EndGlobalSection
	GlobalSection(ProjectConfigurationPlatforms) = postSolution
		{8E7F40AF-FDF1-6192-3643-3FDB4E75F22F}.Debug|Any CPU.ActiveCfg = Debug|Any CPU
		{8E7F40AF-FDF1-6192-3643-3FDB4E75F22F}.Debug|Any CPU.Build.0 = Debug|Any CPU
		{8E7F40AF-FDF1-6192-3643-3FDB4E75F22F}.Debug|Any CPU.Deploy.0 = Debug|Any CPU
		{8E7F40AF-FDF1-6192-3643-3FDB4E75F22F}.Release|Any CPU.ActiveCfg = Release|Any CPU
		{8E7F40AF-FDF1-6192-3643-3FDB4E75F22F}.Release|Any CPU.Build.0 = Release|Any CPU
		{8E7F40AF-FDF1-6192-3643-3FDB4E75F22F}.Release|Any CPU.Deploy.0 = Release|Any CPU
	EndGlobalSection
	GlobalSection(SolutionProperties) = preSolution
		HideSolutionNode = FALSE
	EndGlobalSection
	GlobalSection(ExtensibilityGlobals) = postSolution
		SolutionGuid = {0B81BCDE-E451-4C71-8AC9-0098144971AF}
	EndGlobalSection
EndGlobal
